
Microsoft Visual Studio Solution File, Format Version 12.00
# Visual Studio Version 17
VisualStudioVersion = 17.0.31903.59
MinimumVisualStudioVersion = 10.0.40219.1
Project("{2150E333-8FDC-42A3-9474-1A3956D46DE8}") = "samples", "samples", "{5D20AA90-6969-D8BD-9DCD-8634F4692FDA}"
EndProject
Project("{FAE04EC0-301F-11D3-BF4B-00C04F79EFBC}") = "ExchangeApi.Cli", "samples\ExchangeApi.Cli\ExchangeApi.Cli.csproj", "{ADF24182-E838-4360-BAFE-70CC416D39A3}"
EndProject
Project("{2150E333-8FDC-42A3-9474-1A3956D46DE8}") = "src", "src", "{827E0CD3-B72D-47B6-A68D-7590B98EB39B}"
EndProject
Project("{FAE04EC0-301F-11D3-BF4B-00C04F79EFBC}") = "ExchangeApi.AbstractExchange", "src\ExchangeApi.AbstractExchange\ExchangeApi.AbstractExchange.csproj", "{6F2C25C5-0BE2-46F6-BF75-8827CCAC5990}"
EndProject
Project("{FAE04EC0-301F-11D3-BF4B-00C04F79EFBC}") = "ExchangeApi.Applications", "src\ExchangeApi.Applications\ExchangeApi.Applications.csproj", "{F8A49107-9E83-43BA-A899-BD26C8E0BA2B}"
EndProject
Project("{FAE04EC0-301F-11D3-BF4B-00C04F79EFBC}") = "ExchangeApi.Domain", "src\ExchangeApi.Domain\ExchangeApi.Domain.csproj", "{0AF80A08-03EF-48B5-ABD9-AB7D58E9651D}"
EndProject
Project("{FAE04EC0-301F-11D3-BF4B-00C04F79EFBC}") = "ExchangeApi.Foundation", "src\ExchangeApi.Foundation\ExchangeApi.Foundation.csproj", "{44F0EA26-360D-4B96-98F7-CAB5B4FBF412}"
EndProject
Project("{2150E333-8FDC-42A3-9474-1A3956D46DE8}") = "ExchangeApi.Integrations", "ExchangeApi.Integrations", "{242C2031-D216-5704-96B3-C77157B6A1A0}"
EndProject
Project("{FAE04EC0-301F-11D3-BF4B-00C04F79EFBC}") = "ExchangeApi.Integrations.Binance", "src\ExchangeApi.Integrations\ExchangeApi.Integrations.Binance\ExchangeApi.Integrations.Binance.csproj", "{448974F1-D15C-4D8B-9994-25D7684CB427}"
EndProject
Project("{FAE04EC0-301F-11D3-BF4B-00C04F79EFBC}") = "ExchangeApi.Integrations.Bybit", "src\ExchangeApi.Integrations\ExchangeApi.Integrations.Bybit\ExchangeApi.Integrations.Bybit.csproj", "{71AC83DF-9777-4894-89E4-F3CBB07B3F2D}"
EndProject
Project("{FAE04EC0-301F-11D3-BF4B-00C04F79EFBC}") = "ExchangeApi.Rest.Adapter", "src\ExchangeApi.Rest.Adapter\ExchangeApi.Rest.Adapter.csproj", "{474E1CAC-0DA0-454E-B6E8-B19855D2B5CE}"
EndProject
Project("{FAE04EC0-301F-11D3-BF4B-00C04F79EFBC}") = "ExchangeApi.Rest.Core", "src\ExchangeApi.Rest.Core\ExchangeApi.Rest.Core.csproj", "{37B585AA-1341-4D63-BE3E-A6DFE1861AAF}"
EndProject
Project("{2150E333-8FDC-42A3-9474-1A3956D46DE8}") = "tests", "tests", "{0AB3BF05-4346-4AA6-1389-037BE0695223}"
EndProject
Project("{FAE04EC0-301F-11D3-BF4B-00C04F79EFBC}") = "ExchangeApi.AbstractExchange.Tests", "tests\ExchangeApi.AbstractExchange.Tests\ExchangeApi.AbstractExchange.Tests.csproj", "{20CB2AC9-F2BC-480B-8D0C-5481FC2E3D60}"
EndProject
Project("{FAE04EC0-301F-11D3-BF4B-00C04F79EFBC}") = "ExchangeApi.Applications.Tests", "tests\ExchangeApi.Applications.Tests\ExchangeApi.Applications.Tests.csproj", "{E89535CC-D1A9-48F5-A0EF-9DAB63FE4644}"
EndProject
Project("{FAE04EC0-301F-11D3-BF4B-00C04F79EFBC}") = "ExchangeApi.Domain.Tests", "tests\ExchangeApi.Domain.Tests\ExchangeApi.Domain.Tests.csproj", "{C8983EE4-4DC6-4723-AA58-23D2FF7170DA}"
EndProject
Project("{FAE04EC0-301F-11D3-BF4B-00C04F79EFBC}") = "ExchangeApi.Foundation.Tests", "tests\ExchangeApi.Foundation.Tests\ExchangeApi.Foundation.Tests.csproj", "{AC51296F-098F-467E-AC49-F6683AF8B808}"
EndProject
Project("{FAE04EC0-301F-11D3-BF4B-00C04F79EFBC}") = "ExchangeApi.Integrations.Binance.Tests", "tests\ExchangeApi.Integrations.Binance.Tests\ExchangeApi.Integrations.Binance.Tests.csproj", "{ABAE325E-1B37-4435-B47B-F5E5A927202C}"
EndProject
Project("{FAE04EC0-301F-11D3-BF4B-00C04F79EFBC}") = "ExchangeApi.Integrations.Bybit.Tests", "tests\ExchangeApi.Integrations.Bybit.Tests\ExchangeApi.Integrations.Bybit.Tests.csproj", "{12C7C088-AF0D-4A60-8D37-D666E6A13459}"
EndProject
Project("{FAE04EC0-301F-11D3-BF4B-00C04F79EFBC}") = "ExchangeApi.Rest.Adapter.Tests", "tests\ExchangeApi.Rest.Adapter.Tests\ExchangeApi.Rest.Adapter.Tests.csproj", "{F46253B3-7A5F-4F80-A867-496E69D3B07C}"
EndProject
Project("{FAE04EC0-301F-11D3-BF4B-00C04F79EFBC}") = "ExchangeApi.Rest.Core.Tests", "tests\ExchangeApi.Rest.Core.Tests\ExchangeApi.Rest.Core.Tests.csproj", "{92A466F4-4830-452D-AC82-5FCEB8F3C558}"
EndProject
Project("{FAE04EC0-301F-11D3-BF4B-00C04F79EFBC}") = "ExchangeApi.Integrations.Mock", "src\ExchangeApi.Integrations\ExchangeApi.Integrations.Mock\ExchangeApi.Integrations.Mock.csproj", "{016A4231-76CF-9FB5-C85E-169B5DCF4BBC}"
EndProject
Project("{FAE04EC0-301F-11D3-BF4B-00C04F79EFBC}") = "ExchangeApi.Integrations.Mock.Tests", "tests\ExchangeApi.Integrations.Mock.Tests\ExchangeApi.Integrations.Mock.Tests\ExchangeApi.Integrations.Mock.Tests.csproj", "{D45847DE-8E2A-4FBC-8684-E7A060E4006F}"
EndProject
Global
	GlobalSection(SolutionConfigurationPlatforms) = preSolution
		Debug|Any CPU = Debug|Any CPU
		Debug|x64 = Debug|x64
		Debug|x86 = Debug|x86
		Release|Any CPU = Release|Any CPU
		Release|x64 = Release|x64
		Release|x86 = Release|x86
	EndGlobalSection
	GlobalSection(ProjectConfigurationPlatforms) = postSolution
		{ADF24182-E838-4360-BAFE-70CC416D39A3}.Debug|Any CPU.ActiveCfg = Debug|Any CPU
		{ADF24182-E838-4360-BAFE-70CC416D39A3}.Debug|Any CPU.Build.0 = Debug|Any CPU
		{ADF24182-E838-4360-BAFE-70CC416D39A3}.Debug|x64.ActiveCfg = Debug|Any CPU
		{ADF24182-E838-4360-BAFE-70CC416D39A3}.Debug|x64.Build.0 = Debug|Any CPU
		{ADF24182-E838-4360-BAFE-70CC416D39A3}.Debug|x86.ActiveCfg = Debug|Any CPU
		{ADF24182-E838-4360-BAFE-70CC416D39A3}.Debug|x86.Build.0 = Debug|Any CPU
		{ADF24182-E838-4360-BAFE-70CC416D39A3}.Release|Any CPU.ActiveCfg = Release|Any CPU
		{ADF24182-E838-4360-BAFE-70CC416D39A3}.Release|Any CPU.Build.0 = Release|Any CPU
		{ADF24182-E838-4360-BAFE-70CC416D39A3}.Release|x64.ActiveCfg = Release|Any CPU
		{ADF24182-E838-4360-BAFE-70CC416D39A3}.Release|x64.Build.0 = Release|Any CPU
		{ADF24182-E838-4360-BAFE-70CC416D39A3}.Release|x86.ActiveCfg = Release|Any CPU
		{ADF24182-E838-4360-BAFE-70CC416D39A3}.Release|x86.Build.0 = Release|Any CPU
		{6F2C25C5-0BE2-46F6-BF75-8827CCAC5990}.Debug|Any CPU.ActiveCfg = Debug|Any CPU
		{6F2C25C5-0BE2-46F6-BF75-8827CCAC5990}.Debug|Any CPU.Build.0 = Debug|Any CPU
		{6F2C25C5-0BE2-46F6-BF75-8827CCAC5990}.Debug|x64.ActiveCfg = Debug|Any CPU
		{6F2C25C5-0BE2-46F6-BF75-8827CCAC5990}.Debug|x64.Build.0 = Debug|Any CPU
		{6F2C25C5-0BE2-46F6-BF75-8827CCAC5990}.Debug|x86.ActiveCfg = Debug|Any CPU
		{6F2C25C5-0BE2-46F6-BF75-8827CCAC5990}.Debug|x86.Build.0 = Debug|Any CPU
		{6F2C25C5-0BE2-46F6-BF75-8827CCAC5990}.Release|Any CPU.ActiveCfg = Release|Any CPU
		{6F2C25C5-0BE2-46F6-BF75-8827CCAC5990}.Release|Any CPU.Build.0 = Release|Any CPU
		{6F2C25C5-0BE2-46F6-BF75-8827CCAC5990}.Release|x64.ActiveCfg = Release|Any CPU
		{6F2C25C5-0BE2-46F6-BF75-8827CCAC5990}.Release|x64.Build.0 = Release|Any CPU
		{6F2C25C5-0BE2-46F6-BF75-8827CCAC5990}.Release|x86.ActiveCfg = Release|Any CPU
		{6F2C25C5-0BE2-46F6-BF75-8827CCAC5990}.Release|x86.Build.0 = Release|Any CPU
		{F8A49107-9E83-43BA-A899-BD26C8E0BA2B}.Debug|Any CPU.ActiveCfg = Debug|Any CPU
		{F8A49107-9E83-43BA-A899-BD26C8E0BA2B}.Debug|Any CPU.Build.0 = Debug|Any CPU
		{F8A49107-9E83-43BA-A899-BD26C8E0BA2B}.Debug|x64.ActiveCfg = Debug|Any CPU
		{F8A49107-9E83-43BA-A899-BD26C8E0BA2B}.Debug|x64.Build.0 = Debug|Any CPU
		{F8A49107-9E83-43BA-A899-BD26C8E0BA2B}.Debug|x86.ActiveCfg = Debug|Any CPU
		{F8A49107-9E83-43BA-A899-BD26C8E0BA2B}.Debug|x86.Build.0 = Debug|Any CPU
		{F8A49107-9E83-43BA-A899-BD26C8E0BA2B}.Release|Any CPU.ActiveCfg = Release|Any CPU
		{F8A49107-9E83-43BA-A899-BD26C8E0BA2B}.Release|Any CPU.Build.0 = Release|Any CPU
		{F8A49107-9E83-43BA-A899-BD26C8E0BA2B}.Release|x64.ActiveCfg = Release|Any CPU
		{F8A49107-9E83-43BA-A899-BD26C8E0BA2B}.Release|x64.Build.0 = Release|Any CPU
		{F8A49107-9E83-43BA-A899-BD26C8E0BA2B}.Release|x86.ActiveCfg = Release|Any CPU
		{F8A49107-9E83-43BA-A899-BD26C8E0BA2B}.Release|x86.Build.0 = Release|Any CPU
		{0AF80A08-03EF-48B5-ABD9-AB7D58E9651D}.Debug|Any CPU.ActiveCfg = Debug|Any CPU
		{0AF80A08-03EF-48B5-ABD9-AB7D58E9651D}.Debug|Any CPU.Build.0 = Debug|Any CPU
		{0AF80A08-03EF-48B5-ABD9-AB7D58E9651D}.Debug|x64.ActiveCfg = Debug|Any CPU
		{0AF80A08-03EF-48B5-ABD9-AB7D58E9651D}.Debug|x64.Build.0 = Debug|Any CPU
		{0AF80A08-03EF-48B5-ABD9-AB7D58E9651D}.Debug|x86.ActiveCfg = Debug|Any CPU
		{0AF80A08-03EF-48B5-ABD9-AB7D58E9651D}.Debug|x86.Build.0 = Debug|Any CPU
		{0AF80A08-03EF-48B5-ABD9-AB7D58E9651D}.Release|Any CPU.ActiveCfg = Release|Any CPU
		{0AF80A08-03EF-48B5-ABD9-AB7D58E9651D}.Release|Any CPU.Build.0 = Release|Any CPU
		{0AF80A08-03EF-48B5-ABD9-AB7D58E9651D}.Release|x64.ActiveCfg = Release|Any CPU
		{0AF80A08-03EF-48B5-ABD9-AB7D58E9651D}.Release|x64.Build.0 = Release|Any CPU
		{0AF80A08-03EF-48B5-ABD9-AB7D58E9651D}.Release|x86.ActiveCfg = Release|Any CPU
		{0AF80A08-03EF-48B5-ABD9-AB7D58E9651D}.Release|x86.Build.0 = Release|Any CPU
		{44F0EA26-360D-4B96-98F7-CAB5B4FBF412}.Debug|Any CPU.ActiveCfg = Debug|Any CPU
		{44F0EA26-360D-4B96-98F7-CAB5B4FBF412}.Debug|Any CPU.Build.0 = Debug|Any CPU
		{44F0EA26-360D-4B96-98F7-CAB5B4FBF412}.Debug|x64.ActiveCfg = Debug|Any CPU
		{44F0EA26-360D-4B96-98F7-CAB5B4FBF412}.Debug|x64.Build.0 = Debug|Any CPU
		{44F0EA26-360D-4B96-98F7-CAB5B4FBF412}.Debug|x86.ActiveCfg = Debug|Any CPU
		{44F0EA26-360D-4B96-98F7-CAB5B4FBF412}.Debug|x86.Build.0 = Debug|Any CPU
		{44F0EA26-360D-4B96-98F7-CAB5B4FBF412}.Release|Any CPU.ActiveCfg = Release|Any CPU
		{44F0EA26-360D-4B96-98F7-CAB5B4FBF412}.Release|Any CPU.Build.0 = Release|Any CPU
		{44F0EA26-360D-4B96-98F7-CAB5B4FBF412}.Release|x64.ActiveCfg = Release|Any CPU
		{44F0EA26-360D-4B96-98F7-CAB5B4FBF412}.Release|x64.Build.0 = Release|Any CPU
		{44F0EA26-360D-4B96-98F7-CAB5B4FBF412}.Release|x86.ActiveCfg = Release|Any CPU
		{44F0EA26-360D-4B96-98F7-CAB5B4FBF412}.Release|x86.Build.0 = Release|Any CPU
		{448974F1-D15C-4D8B-9994-25D7684CB427}.Debug|Any CPU.ActiveCfg = Debug|Any CPU
		{448974F1-D15C-4D8B-9994-25D7684CB427}.Debug|Any CPU.Build.0 = Debug|Any CPU
		{448974F1-D15C-4D8B-9994-25D7684CB427}.Debug|x64.ActiveCfg = Debug|Any CPU
		{448974F1-D15C-4D8B-9994-25D7684CB427}.Debug|x64.Build.0 = Debug|Any CPU
		{448974F1-D15C-4D8B-9994-25D7684CB427}.Debug|x86.ActiveCfg = Debug|Any CPU
		{448974F1-D15C-4D8B-9994-25D7684CB427}.Debug|x86.Build.0 = Debug|Any CPU
		{448974F1-D15C-4D8B-9994-25D7684CB427}.Release|Any CPU.ActiveCfg = Release|Any CPU
		{448974F1-D15C-4D8B-9994-25D7684CB427}.Release|Any CPU.Build.0 = Release|Any CPU
		{448974F1-D15C-4D8B-9994-25D7684CB427}.Release|x64.ActiveCfg = Release|Any CPU
		{448974F1-D15C-4D8B-9994-25D7684CB427}.Release|x64.Build.0 = Release|Any CPU
		{448974F1-D15C-4D8B-9994-25D7684CB427}.Release|x86.ActiveCfg = Release|Any CPU
		{448974F1-D15C-4D8B-9994-25D7684CB427}.Release|x86.Build.0 = Release|Any CPU
		{71AC83DF-9777-4894-89E4-F3CBB07B3F2D}.Debug|Any CPU.ActiveCfg = Debug|Any CPU
		{71AC83DF-9777-4894-89E4-F3CBB07B3F2D}.Debug|Any CPU.Build.0 = Debug|Any CPU
		{71AC83DF-9777-4894-89E4-F3CBB07B3F2D}.Debug|x64.ActiveCfg = Debug|Any CPU
		{71AC83DF-9777-4894-89E4-F3CBB07B3F2D}.Debug|x64.Build.0 = Debug|Any CPU
		{71AC83DF-9777-4894-89E4-F3CBB07B3F2D}.Debug|x86.ActiveCfg = Debug|Any CPU
		{71AC83DF-9777-4894-89E4-F3CBB07B3F2D}.Debug|x86.Build.0 = Debug|Any CPU
		{71AC83DF-9777-4894-89E4-F3CBB07B3F2D}.Release|Any CPU.ActiveCfg = Release|Any CPU
		{71AC83DF-9777-4894-89E4-F3CBB07B3F2D}.Release|Any CPU.Build.0 = Release|Any CPU
		{71AC83DF-9777-4894-89E4-F3CBB07B3F2D}.Release|x64.ActiveCfg = Release|Any CPU
		{71AC83DF-9777-4894-89E4-F3CBB07B3F2D}.Release|x64.Build.0 = Release|Any CPU
		{71AC83DF-9777-4894-89E4-F3CBB07B3F2D}.Release|x86.ActiveCfg = Release|Any CPU
		{71AC83DF-9777-4894-89E4-F3CBB07B3F2D}.Release|x86.Build.0 = Release|Any CPU
		{474E1CAC-0DA0-454E-B6E8-B19855D2B5CE}.Debug|Any CPU.ActiveCfg = Debug|Any CPU
		{474E1CAC-0DA0-454E-B6E8-B19855D2B5CE}.Debug|Any CPU.Build.0 = Debug|Any CPU
		{474E1CAC-0DA0-454E-B6E8-B19855D2B5CE}.Debug|x64.ActiveCfg = Debug|Any CPU
		{474E1CAC-0DA0-454E-B6E8-B19855D2B5CE}.Debug|x64.Build.0 = Debug|Any CPU
		{474E1CAC-0DA0-454E-B6E8-B19855D2B5CE}.Debug|x86.ActiveCfg = Debug|Any CPU
		{474E1CAC-0DA0-454E-B6E8-B19855D2B5CE}.Debug|x86.Build.0 = Debug|Any CPU
		{474E1CAC-0DA0-454E-B6E8-B19855D2B5CE}.Release|Any CPU.ActiveCfg = Release|Any CPU
		{474E1CAC-0DA0-454E-B6E8-B19855D2B5CE}.Release|Any CPU.Build.0 = Release|Any CPU
		{474E1CAC-0DA0-454E-B6E8-B19855D2B5CE}.Release|x64.ActiveCfg = Release|Any CPU
		{474E1CAC-0DA0-454E-B6E8-B19855D2B5CE}.Release|x64.Build.0 = Release|Any CPU
		{474E1CAC-0DA0-454E-B6E8-B19855D2B5CE}.Release|x86.ActiveCfg = Release|Any CPU
		{474E1CAC-0DA0-454E-B6E8-B19855D2B5CE}.Release|x86.Build.0 = Release|Any CPU
		{37B585AA-1341-4D63-BE3E-A6DFE1861AAF}.Debug|Any CPU.ActiveCfg = Debug|Any CPU
		{37B585AA-1341-4D63-BE3E-A6DFE1861AAF}.Debug|Any CPU.Build.0 = Debug|Any CPU
		{37B585AA-1341-4D63-BE3E-A6DFE1861AAF}.Debug|x64.ActiveCfg = Debug|Any CPU
		{37B585AA-1341-4D63-BE3E-A6DFE1861AAF}.Debug|x64.Build.0 = Debug|Any CPU
		{37B585AA-1341-4D63-BE3E-A6DFE1861AAF}.Debug|x86.ActiveCfg = Debug|Any CPU
		{37B585AA-1341-4D63-BE3E-A6DFE1861AAF}.Debug|x86.Build.0 = Debug|Any CPU
		{37B585AA-1341-4D63-BE3E-A6DFE1861AAF}.Release|Any CPU.ActiveCfg = Release|Any CPU
		{37B585AA-1341-4D63-BE3E-A6DFE1861AAF}.Release|Any CPU.Build.0 = Release|Any CPU
		{37B585AA-1341-4D63-BE3E-A6DFE1861AAF}.Release|x64.ActiveCfg = Release|Any CPU
		{37B585AA-1341-4D63-BE3E-A6DFE1861AAF}.Release|x64.Build.0 = Release|Any CPU
		{37B585AA-1341-4D63-BE3E-A6DFE1861AAF}.Release|x86.ActiveCfg = Release|Any CPU
		{37B585AA-1341-4D63-BE3E-A6DFE1861AAF}.Release|x86.Build.0 = Release|Any CPU
		{20CB2AC9-F2BC-480B-8D0C-5481FC2E3D60}.Debug|Any CPU.ActiveCfg = Debug|Any CPU
		{20CB2AC9-F2BC-480B-8D0C-5481FC2E3D60}.Debug|Any CPU.Build.0 = Debug|Any CPU
		{20CB2AC9-F2BC-480B-8D0C-5481FC2E3D60}.Debug|x64.ActiveCfg = Debug|Any CPU
		{20CB2AC9-F2BC-480B-8D0C-5481FC2E3D60}.Debug|x64.Build.0 = Debug|Any CPU
		{20CB2AC9-F2BC-480B-8D0C-5481FC2E3D60}.Debug|x86.ActiveCfg = Debug|Any CPU
		{20CB2AC9-F2BC-480B-8D0C-5481FC2E3D60}.Debug|x86.Build.0 = Debug|Any CPU
		{20CB2AC9-F2BC-480B-8D0C-5481FC2E3D60}.Release|Any CPU.ActiveCfg = Release|Any CPU
		{20CB2AC9-F2BC-480B-8D0C-5481FC2E3D60}.Release|Any CPU.Build.0 = Release|Any CPU
		{20CB2AC9-F2BC-480B-8D0C-5481FC2E3D60}.Release|x64.ActiveCfg = Release|Any CPU
		{20CB2AC9-F2BC-480B-8D0C-5481FC2E3D60}.Release|x64.Build.0 = Release|Any CPU
		{20CB2AC9-F2BC-480B-8D0C-5481FC2E3D60}.Release|x86.ActiveCfg = Release|Any CPU
		{20CB2AC9-F2BC-480B-8D0C-5481FC2E3D60}.Release|x86.Build.0 = Release|Any CPU
		{E89535CC-D1A9-48F5-A0EF-9DAB63FE4644}.Debug|Any CPU.ActiveCfg = Debug|Any CPU
		{E89535CC-D1A9-48F5-A0EF-9DAB63FE4644}.Debug|Any CPU.Build.0 = Debug|Any CPU
		{E89535CC-D1A9-48F5-A0EF-9DAB63FE4644}.Debug|x64.ActiveCfg = Debug|Any CPU
		{E89535CC-D1A9-48F5-A0EF-9DAB63FE4644}.Debug|x64.Build.0 = Debug|Any CPU
		{E89535CC-D1A9-48F5-A0EF-9DAB63FE4644}.Debug|x86.ActiveCfg = Debug|Any CPU
		{E89535CC-D1A9-48F5-A0EF-9DAB63FE4644}.Debug|x86.Build.0 = Debug|Any CPU
		{E89535CC-D1A9-48F5-A0EF-9DAB63FE4644}.Release|Any CPU.ActiveCfg = Release|Any CPU
		{E89535CC-D1A9-48F5-A0EF-9DAB63FE4644}.Release|Any CPU.Build.0 = Release|Any CPU
		{E89535CC-D1A9-48F5-A0EF-9DAB63FE4644}.Release|x64.ActiveCfg = Release|Any CPU
		{E89535CC-D1A9-48F5-A0EF-9DAB63FE4644}.Release|x64.Build.0 = Release|Any CPU
		{E89535CC-D1A9-48F5-A0EF-9DAB63FE4644}.Release|x86.ActiveCfg = Release|Any CPU
		{E89535CC-D1A9-48F5-A0EF-9DAB63FE4644}.Release|x86.Build.0 = Release|Any CPU
		{C8983EE4-4DC6-4723-AA58-23D2FF7170DA}.Debug|Any CPU.ActiveCfg = Debug|Any CPU
		{C8983EE4-4DC6-4723-AA58-23D2FF7170DA}.Debug|Any CPU.Build.0 = Debug|Any CPU
		{C8983EE4-4DC6-4723-AA58-23D2FF7170DA}.Debug|x64.ActiveCfg = Debug|Any CPU
		{C8983EE4-4DC6-4723-AA58-23D2FF7170DA}.Debug|x64.Build.0 = Debug|Any CPU
		{C8983EE4-4DC6-4723-AA58-23D2FF7170DA}.Debug|x86.ActiveCfg = Debug|Any CPU
		{C8983EE4-4DC6-4723-AA58-23D2FF7170DA}.Debug|x86.Build.0 = Debug|Any CPU
		{C8983EE4-4DC6-4723-AA58-23D2FF7170DA}.Release|Any CPU.ActiveCfg = Release|Any CPU
		{C8983EE4-4DC6-4723-AA58-23D2FF7170DA}.Release|Any CPU.Build.0 = Release|Any CPU
		{C8983EE4-4DC6-4723-AA58-23D2FF7170DA}.Release|x64.ActiveCfg = Release|Any CPU
		{C8983EE4-4DC6-4723-AA58-23D2FF7170DA}.Release|x64.Build.0 = Release|Any CPU
		{C8983EE4-4DC6-4723-AA58-23D2FF7170DA}.Release|x86.ActiveCfg = Release|Any CPU
		{C8983EE4-4DC6-4723-AA58-23D2FF7170DA}.Release|x86.Build.0 = Release|Any CPU
		{AC51296F-098F-467E-AC49-F6683AF8B808}.Debug|Any CPU.ActiveCfg = Debug|Any CPU
		{AC51296F-098F-467E-AC49-F6683AF8B808}.Debug|Any CPU.Build.0 = Debug|Any CPU
		{AC51296F-098F-467E-AC49-F6683AF8B808}.Debug|x64.ActiveCfg = Debug|Any CPU
		{AC51296F-098F-467E-AC49-F6683AF8B808}.Debug|x64.Build.0 = Debug|Any CPU
		{AC51296F-098F-467E-AC49-F6683AF8B808}.Debug|x86.ActiveCfg = Debug|Any CPU
		{AC51296F-098F-467E-AC49-F6683AF8B808}.Debug|x86.Build.0 = Debug|Any CPU
		{AC51296F-098F-467E-AC49-F6683AF8B808}.Release|Any CPU.ActiveCfg = Release|Any CPU
		{AC51296F-098F-467E-AC49-F6683AF8B808}.Release|Any CPU.Build.0 = Release|Any CPU
		{AC51296F-098F-467E-AC49-F6683AF8B808}.Release|x64.ActiveCfg = Release|Any CPU
		{AC51296F-098F-467E-AC49-F6683AF8B808}.Release|x64.Build.0 = Release|Any CPU
		{AC51296F-098F-467E-AC49-F6683AF8B808}.Release|x86.ActiveCfg = Release|Any CPU
		{AC51296F-098F-467E-AC49-F6683AF8B808}.Release|x86.Build.0 = Release|Any CPU
		{ABAE325E-1B37-4435-B47B-F5E5A927202C}.Debug|Any CPU.ActiveCfg = Debug|Any CPU
		{ABAE325E-1B37-4435-B47B-F5E5A927202C}.Debug|Any CPU.Build.0 = Debug|Any CPU
		{ABAE325E-1B37-4435-B47B-F5E5A927202C}.Debug|x64.ActiveCfg = Debug|Any CPU
		{ABAE325E-1B37-4435-B47B-F5E5A927202C}.Debug|x64.Build.0 = Debug|Any CPU
		{ABAE325E-1B37-4435-B47B-F5E5A927202C}.Debug|x86.ActiveCfg = Debug|Any CPU
		{ABAE325E-1B37-4435-B47B-F5E5A927202C}.Debug|x86.Build.0 = Debug|Any CPU
		{ABAE325E-1B37-4435-B47B-F5E5A927202C}.Release|Any CPU.ActiveCfg = Release|Any CPU
		{ABAE325E-1B37-4435-B47B-F5E5A927202C}.Release|Any CPU.Build.0 = Release|Any CPU
		{ABAE325E-1B37-4435-B47B-F5E5A927202C}.Release|x64.ActiveCfg = Release|Any CPU
		{ABAE325E-1B37-4435-B47B-F5E5A927202C}.Release|x64.Build.0 = Release|Any CPU
		{ABAE325E-1B37-4435-B47B-F5E5A927202C}.Release|x86.ActiveCfg = Release|Any CPU
		{ABAE325E-1B37-4435-B47B-F5E5A927202C}.Release|x86.Build.0 = Release|Any CPU
		{12C7C088-AF0D-4A60-8D37-D666E6A13459}.Debug|Any CPU.ActiveCfg = Debug|Any CPU
		{12C7C088-AF0D-4A60-8D37-D666E6A13459}.Debug|Any CPU.Build.0 = Debug|Any CPU
		{12C7C088-AF0D-4A60-8D37-D666E6A13459}.Debug|x64.ActiveCfg = Debug|Any CPU
		{12C7C088-AF0D-4A60-8D37-D666E6A13459}.Debug|x64.Build.0 = Debug|Any CPU
		{12C7C088-AF0D-4A60-8D37-D666E6A13459}.Debug|x86.ActiveCfg = Debug|Any CPU
		{12C7C088-AF0D-4A60-8D37-D666E6A13459}.Debug|x86.Build.0 = Debug|Any CPU
		{12C7C088-AF0D-4A60-8D37-D666E6A13459}.Release|Any CPU.ActiveCfg = Release|Any CPU
		{12C7C088-AF0D-4A60-8D37-D666E6A13459}.Release|Any CPU.Build.0 = Release|Any CPU
		{12C7C088-AF0D-4A60-8D37-D666E6A13459}.Release|x64.ActiveCfg = Release|Any CPU
		{12C7C088-AF0D-4A60-8D37-D666E6A13459}.Release|x64.Build.0 = Release|Any CPU
		{12C7C088-AF0D-4A60-8D37-D666E6A13459}.Release|x86.ActiveCfg = Release|Any CPU
		{12C7C088-AF0D-4A60-8D37-D666E6A13459}.Release|x86.Build.0 = Release|Any CPU
		{F46253B3-7A5F-4F80-A867-496E69D3B07C}.Debug|Any CPU.ActiveCfg = Debug|Any CPU
		{F46253B3-7A5F-4F80-A867-496E69D3B07C}.Debug|Any CPU.Build.0 = Debug|Any CPU
		{F46253B3-7A5F-4F80-A867-496E69D3B07C}.Debug|x64.ActiveCfg = Debug|Any CPU
		{F46253B3-7A5F-4F80-A867-496E69D3B07C}.Debug|x64.Build.0 = Debug|Any CPU
		{F46253B3-7A5F-4F80-A867-496E69D3B07C}.Debug|x86.ActiveCfg = Debug|Any CPU
		{F46253B3-7A5F-4F80-A867-496E69D3B07C}.Debug|x86.Build.0 = Debug|Any CPU
		{F46253B3-7A5F-4F80-A867-496E69D3B07C}.Release|Any CPU.ActiveCfg = Release|Any CPU
		{F46253B3-7A5F-4F80-A867-496E69D3B07C}.Release|Any CPU.Build.0 = Release|Any CPU
		{F46253B3-7A5F-4F80-A867-496E69D3B07C}.Release|x64.ActiveCfg = Release|Any CPU
		{F46253B3-7A5F-4F80-A867-496E69D3B07C}.Release|x64.Build.0 = Release|Any CPU
		{F46253B3-7A5F-4F80-A867-496E69D3B07C}.Release|x86.ActiveCfg = Release|Any CPU
		{F46253B3-7A5F-4F80-A867-496E69D3B07C}.Release|x86.Build.0 = Release|Any CPU
		{92A466F4-4830-452D-AC82-5FCEB8F3C558}.Debug|Any CPU.ActiveCfg = Debug|Any CPU
		{92A466F4-4830-452D-AC82-5FCEB8F3C558}.Debug|Any CPU.Build.0 = Debug|Any CPU
		{92A466F4-4830-452D-AC82-5FCEB8F3C558}.Debug|x64.ActiveCfg = Debug|Any CPU
		{92A466F4-4830-452D-AC82-5FCEB8F3C558}.Debug|x64.Build.0 = Debug|Any CPU
		{92A466F4-4830-452D-AC82-5FCEB8F3C558}.Debug|x86.ActiveCfg = Debug|Any CPU
		{92A466F4-4830-452D-AC82-5FCEB8F3C558}.Debug|x86.Build.0 = Debug|Any CPU
		{92A466F4-4830-452D-AC82-5FCEB8F3C558}.Release|Any CPU.ActiveCfg = Release|Any CPU
		{92A466F4-4830-452D-AC82-5FCEB8F3C558}.Release|Any CPU.Build.0 = Release|Any CPU
		{92A466F4-4830-452D-AC82-5FCEB8F3C558}.Release|x64.ActiveCfg = Release|Any CPU
		{92A466F4-4830-452D-AC82-5FCEB8F3C558}.Release|x64.Build.0 = Release|Any CPU
		{92A466F4-4830-452D-AC82-5FCEB8F3C558}.Release|x86.ActiveCfg = Release|Any CPU
		{92A466F4-4830-452D-AC82-5FCEB8F3C558}.Release|x86.Build.0 = Release|Any CPU
		{016A4231-76CF-9FB5-C85E-169B5DCF4BBC}.Debug|Any CPU.ActiveCfg = Debug|Any CPU
		{016A4231-76CF-9FB5-C85E-169B5DCF4BBC}.Debug|Any CPU.Build.0 = Debug|Any CPU
		{016A4231-76CF-9FB5-C85E-169B5DCF4BBC}.Debug|x64.ActiveCfg = Debug|Any CPU
		{016A4231-76CF-9FB5-C85E-169B5DCF4BBC}.Debug|x64.Build.0 = Debug|Any CPU
		{016A4231-76CF-9FB5-C85E-169B5DCF4BBC}.Debug|x86.ActiveCfg = Debug|Any CPU
		{016A4231-76CF-9FB5-C85E-169B5DCF4BBC}.Debug|x86.Build.0 = Debug|Any CPU
		{016A4231-76CF-9FB5-C85E-169B5DCF4BBC}.Release|Any CPU.ActiveCfg = Release|Any CPU
		{016A4231-76CF-9FB5-C85E-169B5DCF4BBC}.Release|Any CPU.Build.0 = Release|Any CPU
		{016A4231-76CF-9FB5-C85E-169B5DCF4BBC}.Release|x64.ActiveCfg = Release|Any CPU
		{016A4231-76CF-9FB5-C85E-169B5DCF4BBC}.Release|x64.Build.0 = Release|Any CPU
		{016A4231-76CF-9FB5-C85E-169B5DCF4BBC}.Release|x86.ActiveCfg = Release|Any CPU
		{016A4231-76CF-9FB5-C85E-169B5DCF4BBC}.Release|x86.Build.0 = Release|Any CPU
		{D45847DE-8E2A-4FBC-8684-E7A060E4006F}.Debug|Any CPU.ActiveCfg = Debug|Any CPU
		{D45847DE-8E2A-4FBC-8684-E7A060E4006F}.Debug|Any CPU.Build.0 = Debug|Any CPU
		{D45847DE-8E2A-4FBC-8684-E7A060E4006F}.Debug|x64.ActiveCfg = Debug|Any CPU
		{D45847DE-8E2A-4FBC-8684-E7A060E4006F}.Debug|x64.Build.0 = Debug|Any CPU
		{D45847DE-8E2A-4FBC-8684-E7A060E4006F}.Debug|x86.ActiveCfg = Debug|Any CPU
		{D45847DE-8E2A-4FBC-8684-E7A060E4006F}.Debug|x86.Build.0 = Debug|Any CPU
		{D45847DE-8E2A-4FBC-8684-E7A060E4006F}.Release|Any CPU.ActiveCfg = Release|Any CPU
		{D45847DE-8E2A-4FBC-8684-E7A060E4006F}.Release|Any CPU.Build.0 = Release|Any CPU
		{D45847DE-8E2A-4FBC-8684-E7A060E4006F}.Release|x64.ActiveCfg = Release|Any CPU
		{D45847DE-8E2A-4FBC-8684-E7A060E4006F}.Release|x64.Build.0 = Release|Any CPU
		{D45847DE-8E2A-4FBC-8684-E7A060E4006F}.Release|x86.ActiveCfg = Release|Any CPU
		{D45847DE-8E2A-4FBC-8684-E7A060E4006F}.Release|x86.Build.0 = Release|Any CPU
	EndGlobalSection
	GlobalSection(SolutionProperties) = preSolution
		HideSolutionNode = FALSE
	EndGlobalSection
	GlobalSection(NestedProjects) = preSolution
		{ADF24182-E838-4360-BAFE-70CC416D39A3} = {5D20AA90-6969-D8BD-9DCD-8634F4692FDA}
		{6F2C25C5-0BE2-46F6-BF75-8827CCAC5990} = {827E0CD3-B72D-47B6-A68D-7590B98EB39B}
		{F8A49107-9E83-43BA-A899-BD26C8E0BA2B} = {827E0CD3-B72D-47B6-A68D-7590B98EB39B}
		{0AF80A08-03EF-48B5-ABD9-AB7D58E9651D} = {827E0CD3-B72D-47B6-A68D-7590B98EB39B}
		{44F0EA26-360D-4B96-98F7-CAB5B4FBF412} = {827E0CD3-B72D-47B6-A68D-7590B98EB39B}
		{242C2031-D216-5704-96B3-C77157B6A1A0} = {827E0CD3-B72D-47B6-A68D-7590B98EB39B}
		{448974F1-D15C-4D8B-9994-25D7684CB427} = {242C2031-D216-5704-96B3-C77157B6A1A0}
		{71AC83DF-9777-4894-89E4-F3CBB07B3F2D} = {242C2031-D216-5704-96B3-C77157B6A1A0}
		{474E1CAC-0DA0-454E-B6E8-B19855D2B5CE} = {827E0CD3-B72D-47B6-A68D-7590B98EB39B}
		{37B585AA-1341-4D63-BE3E-A6DFE1861AAF} = {827E0CD3-B72D-47B6-A68D-7590B98EB39B}
		{20CB2AC9-F2BC-480B-8D0C-5481FC2E3D60} = {0AB3BF05-4346-4AA6-1389-037BE0695223}
		{E89535CC-D1A9-48F5-A0EF-9DAB63FE4644} = {0AB3BF05-4346-4AA6-1389-037BE0695223}
		{C8983EE4-4DC6-4723-AA58-23D2FF7170DA} = {0AB3BF05-4346-4AA6-1389-037BE0695223}
		{AC51296F-098F-467E-AC49-F6683AF8B808} = {0AB3BF05-4346-4AA6-1389-037BE0695223}
		{ABAE325E-1B37-4435-B47B-F5E5A927202C} = {0AB3BF05-4346-4AA6-1389-037BE0695223}
		{12C7C088-AF0D-4A60-8D37-D666E6A13459} = {0AB3BF05-4346-4AA6-1389-037BE0695223}
		{F46253B3-7A5F-4F80-A867-496E69D3B07C} = {0AB3BF05-4346-4AA6-1389-037BE0695223}
		{92A466F4-4830-452D-AC82-5FCEB8F3C558} = {0AB3BF05-4346-4AA6-1389-037BE0695223}
		{016A4231-76CF-9FB5-C85E-169B5DCF4BBC} = {242C2031-D216-5704-96B3-C77157B6A1A0}
		{D45847DE-8E2A-4FBC-8684-E7A060E4006F} = {0AB3BF05-4346-4AA6-1389-037BE0695223}
	EndGlobalSection
	GlobalSection(ExtensibilityGlobals) = postSolution
		SolutionGuid = {9ADBBFCF-A948-4385-A2F2-C7C7A0D51601}
	EndGlobalSection
EndGlobal
